{
  "name": "examination---chat-app",
  "version": "1.0.0",
  "lockfileVersion": 2,
  "requires": true,
  "packages": {
    "": {
      "name": "examination---chat-app",
      "version": "1.0.0",
      "license": "ISC",
      "workspaces": [
        "packages\\server"
      ]
    },
    "node_modules/server": {
      "resolved": "packages/server",
      "link": true
    },
    "packages/server": {
      "version": "1.0.0",
      "license": "ISC"
    }
  },
  "dependencies": {
    "server": {
      "version": "file:packages/server"
    }
  }
}
